{
  "name": "nodejsmysql",
  "version": "0.0.0",
  "lockfileVersion": 1,
  "requires": true,
  "dependencies": {
    "@types/node": {
      "version": "12.12.4",
      "resolved": "https://registry.npmjs.org/@types/node/-/node-12.12.4.tgz",
      "integrity": "sha512-tJUH7//zNZ/539DH4cgZS3NsmW0b9ShDeRBzoCEMCEAlHn5WHUghOfHdycvpo4RCxxEPmQ3WfjDogh+DCCvuSg==",
      "dev": true
    }
  }
}
